// !$*UTF8*$!
{
	archiveVersion = 1;
	classes = {
	};
	objectVersion = 56;
	objects = {

/* Begin PBXBuildFile section */
		5311B73B2B7A1E9300F7799C /* Squad2GoRomancingApp.swift in Sources */ = {isa = PBXBuildFile; fileRef = 5311B73A2B7A1E9300F7799C /* Squad2GoRomancingApp.swift */; };
		5311B73D2B7A1E9300F7799C /* ContentView.swift in Sources */ = {isa = PBXBuildFile; fileRef = 5311B73C2B7A1E9300F7799C /* ContentView.swift */; };
		5311B73F2B7A1E9400F7799C /* Assets.xcassets in Resources */ = {isa = PBXBuildFile; fileRef = 5311B73E2B7A1E9400F7799C /* Assets.xcassets */; };
		5311B7422B7A1E9400F7799C /* Preview Assets.xcassets in Resources */ = {isa = PBXBuildFile; fileRef = 5311B7412B7A1E9400F7799C /* Preview Assets.xcassets */; };
		5311B7492B7A1EBE00F7799C /* Romancing.swift in Sources */ = {isa = PBXBuildFile; fileRef = 5311B7482B7A1EBE00F7799C /* Romancing.swift */; };
		5311B74B2B7A5F1600F7799C /* CardView.swift in Sources */ = {isa = PBXBuildFile; fileRef = 5311B74A2B7A5F1600F7799C /* CardView.swift */; };
		5311B74D2B7A8CCF00F7799C /* FlyingNote.swift in Sources */ = {isa = PBXBuildFile; fileRef = 5311B74C2B7A8CCF00F7799C /* FlyingNote.swift */; };
/* End PBXBuildFile section */

/* Begin PBXFileReference section */
		5311B7372B7A1E9300F7799C /* Squad2GoRomancing.app */ = {isa = PBXFileReference; explicitFileType = wrapper.application; includeInIndex = 0; path = Squad2GoRomancing.app; sourceTree = BUILT_PRODUCTS_DIR; };
		5311B73A2B7A1E9300F7799C /* Squad2GoRomancingApp.swift */ = {isa = PBXFileReference; lastKnownFileType = sourcecode.swift; path = Squad2GoRomancingApp.swift; sourceTree = "<group>"; };
		5311B73C2B7A1E9300F7799C /* ContentView.swift */ = {isa = PBXFileReference; lastKnownFileType = sourcecode.swift; path = ContentView.swift; sourceTree = "<group>"; };
		5311B73E2B7A1E9400F7799C /* Assets.xcassets */ = {isa = PBXFileReference; lastKnownFileType = folder.assetcatalog; path = Assets.xcassets; sourceTree = "<group>"; };
		5311B7412B7A1E9400F7799C /* Preview Assets.xcassets */ = {isa = PBXFileReference; lastKnownFileType = folder.assetcatalog; path = "Preview Assets.xcassets"; sourceTree = "<group>"; };
		5311B7482B7A1EBE00F7799C /* Romancing.swift */ = {isa = PBXFileReference; lastKnownFileType = sourcecode.swift; path = Romancing.swift; sourceTree = "<group>"; };
		5311B74A2B7A5F1600F7799C /* CardView.swift */ = {isa = PBXFileReference; lastKnownFileType = sourcecode.swift; path = CardView.swift; sourceTree = "<group>"; };
		5311B74C2B7A8CCF00F7799C /* FlyingNote.swift */ = {isa = PBXFileReference; lastKnownFileType = sourcecode.swift; path = FlyingNote.swift; sourceTree = "<group>"; };
		5311B74E2B7BE8D000F7799C /* Info.plist */ = {isa = PBXFileReference; lastKnownFileType = text.plist; path = Info.plist; sourceTree = "<group>"; };
/* End PBXFileReference section */

/* Begin PBXFrameworksBuildPhase section */
		5311B7342B7A1E9300F7799C /* Frameworks */ = {
			isa = PBXFrameworksBuildPhase;
			buildActionMask = 2147483647;
			files = (
			);
			runOnlyForDeploymentPostprocessing = 0;
		};
/* End PBXFrameworksBuildPhase section */

/* Begin PBXGroup section */
		5311B72E2B7A1E9300F7799C = {
			isa = PBXGroup;
			children = (
				5311B7392B7A1E9300F7799C /* Squad2GoRomancing */,
				5311B7382B7A1E9300F7799C /* Products */,
			);
			sourceTree = "<group>";
		};
		5311B7382B7A1E9300F7799C /* Products */ = {
			isa = PBXGroup;
			children = (
				5311B7372B7A1E9300F7799C /* Squad2GoRomancing.app */,
			);
			name = Products;
			sourceTree = "<group>";
		};
		5311B7392B7A1E9300F7799C /* Squad2GoRomancing */ = {
			isa = PBXGroup;
			children = (
				5311B74E2B7BE8D000F7799C /* Info.plist */,
				5311B73A2B7A1E9300F7799C /* Squad2GoRomancingApp.swift */,
				5311B73C2B7A1E9300F7799C /* ContentView.swift */,
				5311B74C2B7A8CCF00F7799C /* FlyingNote.swift */,
				5311B74A2B7A5F1600F7799C /* CardView.swift */,
				5311B7482B7A1EBE00F7799C /* Romancing.swift */,
				5311B73E2B7A1E9400F7799C /* Assets.xcassets */,
				5311B7402B7A1E9400F7799C /* Preview Content */,
			);
			path = Squad2GoRomancing;
			sourceTree = "<group>";
		};
		5311B7402B7A1E9400F7799C /* Preview Content */ = {
			isa = PBXGroup;
			children = (
				5311B7412B7A1E9400F7799C /* Preview Assets.xcassets */,
			);
			path = "Preview Content";
			sourceTree = "<group>";
		};
/* End PBXGroup section */

/* Begin PBXNativeTarget section */
		5311B7362B7A1E9300F7799C /* Squad2GoRomancing */ = {
			isa = PBXNativeTarget;
			buildConfigurationList = 5311B7452B7A1E9400F7799C /* Build configuration list for PBXNativeTarget "Squad2GoRomancing" */;
			buildPhases = (
				5311B7332B7A1E9300F7799C /* Sources */,
				5311B7342B7A1E9300F7799C /* Frameworks */,
				5311B7352B7A1E9300F7799C /* Resources */,
			);
			buildRules = (
			);
			dependencies = (
			);
			name = Squad2GoRomancing;
			productName = Squad2GoRomancing;
			productReference = 5311B7372B7A1E9300F7799C /* Squad2GoRomancing.app */;
			productType = "com.apple.product-type.application";
		};
/* End PBXNativeTarget section */

/* Begin PBXProject section */
		5311B72F2B7A1E9300F7799C /* Project object */ = {
			isa = PBXProject;
			attributes = {
				BuildIndependentTargetsInParallel = 1;
				LastSwiftUpdateCheck = 1520;
				LastUpgradeCheck = 1520;
				TargetAttributes = {
					5311B7362B7A1E9300F7799C = {
						CreatedOnToolsVersion = 15.2;
					};
				};
			};
			buildConfigurationList = 5311B7322B7A1E9300F7799C /* Build configuration list for PBXProject "Squad2GoRomancing" */;
			compatibilityVersion = "Xcode 14.0";
			developmentRegion = en;
			hasScannedForEncodings = 0;
			knownRegions = (
				en,
				Base,
			);
			mainGroup = 5311B72E2B7A1E9300F7799C;
			productRefGroup = 5311B7382B7A1E9300F7799C /* Products */;
			projectDirPath = "";
			projectRoot = "";
			targets = (
				5311B7362B7A1E9300F7799C /* Squad2GoRomancing */,
			);
		};
/* End PBXProject section */

/* Begin PBXResourcesBuildPhase section */
		5311B7352B7A1E9300F7799C /* Resources */ = {
			isa = PBXResourcesBuildPhase;
			buildActionMask = 2147483647;
			files = (
				5311B7422B7A1E9400F7799C /* Preview Assets.xcassets in Resources */,
				5311B73F2B7A1E9400F7799C /* Assets.xcassets in Resources */,
			);
			runOnlyForDeploymentPostprocessing = 0;
		};
/* End PBXResourcesBuildPhase section */

/* Begin PBXSourcesBuildPhase section */
		5311B7332B7A1E9300F7799C /* Sources */ = {
			isa = PBXSourcesBuildPhase;
			buildActionMask = 2147483647;
			files = (
				5311B74D2B7A8CCF00F7799C /* FlyingNote.swift in Sources */,
				5311B7492B7A1EBE00F7799C /* Romancing.swift in Sources */,
				5311B73D2B7A1E9300F7799C /* ContentView.swift in Sources */,
				5311B74B2B7A5F1600F7799C /* CardView.swift in Sources */,
				5311B73B2B7A1E9300F7799C /* Squad2GoRomancingApp.swift in Sources */,
			);
			runOnlyForDeploymentPostprocessing = 0;
		};
/* End PBXSourcesBuildPhase section */

/* Begin XCBuildConfiguration section */
		5311B7432B7A1E9400F7799C /* Debug */ = {
			isa = XCBuildConfiguration;
			buildSettings = {
				ALWAYS_SEARCH_USER_PATHS = NO;
				ASSETCATALOG_COMPILER_GENERATE_SWIFT_ASSET_SYMBOL_EXTENSIONS = YES;
				CLANG_ANALYZER_NONNULL = YES;
				CLANG_ANALYZER_NUMBER_OBJECT_CONVERSION = YES_AGGRESSIVE;
				CLANG_CXX_LANGUAGE_STANDARD = "gnu++20";
				CLANG_ENABLE_MODULES = YES;
				CLANG_ENABLE_OBJC_ARC = YES;
				CLANG_ENABLE_OBJC_WEAK = YES;
				CLANG_WARN_BLOCK_CAPTURE_AUTORELEASING = YES;
				CLANG_WARN_BOOL_CONVERSION = YES;
				CLANG_WARN_COMMA = YES;
				CLANG_WARN_CONSTANT_CONVERSION = YES;
				CLANG_WARN_DEPRECATED_OBJC_IMPLEMENTATIONS = YES;
				CLANG_WARN_DIRECT_OBJC_ISA_USAGE = YES_ERROR;
				CLANG_WARN_DOCUMENTATION_COMMENTS = YES;
				CLANG_WARN_EMPTY_BODY = YES;
				CLANG_WARN_ENUM_CONVERSION = YES;
				CLANG_WARN_INFINITE_RECURSION = YES;
				CLANG_WARN_INT_CONVERSION = YES;
				CLANG_WARN_NON_LITERAL_NULL_CONVERSION = YES;
				CLANG_WARN_OBJC_IMPLICIT_RETAIN_SELF = YES;
				CLANG_WARN_OBJC_LITERAL_CONVERSION = YES;
				CLANG_WARN_OBJC_ROOT_CLASS = YES_ERROR;
				CLANG_WARN_QUOTED_INCLUDE_IN_FRAMEWORK_HEADER = YES;
				CLANG_WARN_RANGE_LOOP_ANALYSIS = YES;
				CLANG_WARN_STRICT_PROTOTYPES = YES;
				CLANG_WARN_SUSPICIOUS_MOVE = YES;
				CLANG_WARN_UNGUARDED_AVAILABILITY = YES_AGGRESSIVE;
				CLANG_WARN_UNREACHABLE_CODE = YES;
				CLANG_WARN__DUPLICATE_METHOD_MATCH = YES;
				COPY_PHASE_STRIP = NO;
				DEBUG_INFORMATION_FORMAT = dwarf;
				ENABLE_STRICT_OBJC_MSGSEND = YES;
				ENABLE_TESTABILITY = YES;
				ENABLE_USER_SCRIPT_SANDBOXING = YES;
				GCC_C_LANGUAGE_STANDARD = gnu17;
				GCC_DYNAMIC_NO_PIC = NO;
				GCC_NO_COMMON_BLOCKS = YES;
				GCC_OPTIMIZATION_LEVEL = 0;
				GCC_PREPROCESSOR_DEFINITIONS = (
					"DEBUG=1",
					"$(inherited)",
				);
				GCC_WARN_64_TO_32_BIT_CONVERSION = YES;
				GCC_WARN_ABOUT_RETURN_TYPE = YES_ERROR;
				GCC_WARN_UNDECLARED_SELECTOR = YES;
				GCC_WARN_UNINITIALIZED_AUTOS = YES_AGGRESSIVE;
				GCC_WARN_UNUSED_FUNCTION = YES;
				GCC_WARN_UNUSED_VARIABLE = YES;
				IPHONEOS_DEPLOYMENT_TARGET = 17.2;
				LOCALIZATION_PREFERS_STRING_CATALOGS = YES;
				MTL_ENABLE_DEBUG_INFO = INCLUDE_SOURCE;
				MTL_FAST_MATH = YES;
				ONLY_ACTIVE_ARCH = YES;
				SDKROOT = iphoneos;
				SWIFT_ACTIVE_COMPILATION_CONDITIONS = "DEBUG $(inherited)";
				SWIFT_OPTIMIZATION_LEVEL = "-Onone";
			};
			name = Debug;
		};
		5311B7442B7A1E9400F7799C /* Release */ = {
			isa = XCBuildConfiguration;
			buildSettings = {
				ALWAYS_SEARCH_USER_PATHS = NO;
				ASSETCATALOG_COMPILER_GENERATE_SWIFT_ASSET_SYMBOL_EXTENSIONS = YES;
				CLANG_ANALYZER_NONNULL = YES;
				CLANG_ANALYZER_NUMBER_OBJECT_CONVERSION = YES_AGGRESSIVE;
				CLANG_CXX_LANGUAGE_STANDARD = "gnu++20";
				CLANG_ENABLE_MODULES = YES;
				CLANG_ENABLE_OBJC_ARC = YES;
				CLANG_ENABLE_OBJC_WEAK = YES;
				CLANG_WARN_BLOCK_CAPTURE_AUTORELEASING = YES;
				CLANG_WARN_BOOL_CONVERSION = YES;
				CLANG_WARN_COMMA = YES;
				CLANG_WARN_CONSTANT_CONVERSION = YES;
				CLANG_WARN_DEPRECATED_OBJC_IMPLEMENTATIONS = YES;
				CLANG_WARN_DIRECT_OBJC_ISA_USAGE = YES_ERROR;
				CLANG_WARN_DOCUMENTATION_COMMENTS = YES;
				CLANG_WARN_EMPTY_BODY = YES;
				CLANG_WARN_ENUM_CONVERSION = YES;
				CLANG_WARN_INFINITE_RECURSION = YES;
				CLANG_WARN_INT_CONVERSION = YES;
				CLANG_WARN_NON_LITERAL_NULL_CONVERSION = YES;
				CLANG_WARN_OBJC_IMPLICIT_RETAIN_SELF = YES;
				CLANG_WARN_OBJC_LITERAL_CONVERSION = YES;
				CLANG_WARN_OBJC_ROOT_CLASS = YES_ERROR;
				CLANG_WARN_QUOTED_INCLUDE_IN_FRAMEWORK_HEADER = YES;
				CLANG_WARN_RANGE_LOOP_ANALYSIS = YES;
				CLANG_WARN_STRICT_PROTOTYPES = YES;
				CLANG_WARN_SUSPICIOUS_MOVE = YES;
				CLANG_WARN_UNGUARDED_AVAILABILITY = YES_AGGRESSIVE;
				CLANG_WARN_UNREACHABLE_CODE = YES;
				CLANG_WARN__DUPLICATE_METHOD_MATCH = YES;
				COPY_PHASE_STRIP = NO;
				DEBUG_INFORMATION_FORMAT = "dwarf-with-dsym";
				ENABLE_NS_ASSERTIONS = NO;
				ENABLE_STRICT_OBJC_MSGSEND = YES;
				ENABLE_USER_SCRIPT_SANDBOXING = YES;
				GCC_C_LANGUAGE_STANDARD = gnu17;
				GCC_NO_COMMON_BLOCKS = YES;
				GCC_WARN_64_TO_32_BIT_CONVERSION = YES;
				GCC_WARN_ABOUT_RETURN_TYPE = YES_ERROR;
				GCC_WARN_UNDECLARED_SELECTOR = YES;
				GCC_WARN_UNINITIALIZED_AUTOS = YES_AGGRESSIVE;
				GCC_WARN_UNUSED_FUNCTION = YES;
				GCC_WARN_UNUSED_VARIABLE = YES;
				IPHONEOS_DEPLOYMENT_TARGET = 17.2;
				LOCALIZATION_PREFERS_STRING_CATALOGS = YES;
				MTL_ENABLE_DEBUG_INFO = NO;
				MTL_FAST_MATH = YES;
				SDKROOT = iphoneos;
				SWIFT_COMPILATION_MODE = wholemodule;
				VALIDATE_PRODUCT = YES;
			};
			name = Release;
		};
		5311B7462B7A1E9400F7799C /* Debug */ = {
			isa = XCBuildConfiguration;
			buildSettings = {
				ASSETCATALOG_COMPILER_APPICON_NAME = AppIcon;
				ASSETCATALOG_COMPILER_GLOBAL_ACCENT_COLOR_NAME = AccentColor;
				CODE_SIGN_STYLE = Automatic;
				CURRENT_PROJECT_VERSION = 1;
				DEVELOPMENT_ASSET_PATHS = "\"Squad2GoRomancing/Preview Content\"";
				DEVELOPMENT_TEAM = Q4783BNZ95;
				ENABLE_PREVIEWS = YES;
				GENERATE_INFOPLIST_FILE = YES;
				INFOPLIST_FILE = Squad2GoRomancing/Info.plist;
				INFOPLIST_KEY_UIApplicationSceneManifest_Generation = YES;
				INFOPLIST_KEY_UIApplicationSupportsIndirectInputEvents = YES;
				INFOPLIST_KEY_UISupportedInterfaceOrientations_iPad = "UIInterfaceOrientationPortrait UIInterfaceOrientationPortraitUpsideDown UIInterfaceOrientationLandscapeLeft UIInterfaceOrientationLandscapeRight";
				INFOPLIST_KEY_UISupportedInterfaceOrientations_iPhone = "UIInterfaceOrientationPortrait UIInterfaceOrientationLandscapeLeft UIInterfaceOrientationLandscapeRight";
				LD_RUNPATH_SEARCH_PATHS = (
					"$(inherited)",
					"@executable_path/Frameworks",
				);
				MARKETING_VERSION = 1.0;
				PRODUCT_BUNDLE_IDENTIFIER = com.keith27staines.Squad2GoRomancing;
				PRODUCT_NAME = "$(TARGET_NAME)";
				SWIFT_EMIT_LOC_STRINGS = YES;
				SWIFT_VERSION = 5.0;
				TARGETED_DEVICE_FAMILY = "1,2";
			};
			name = Debug;
		};
		5311B7472B7A1E9400F7799C /* Release */ = {
			isa = XCBuildConfiguration;
			buildSettings = {
				ASSETCATALOG_COMPILER_APPICON_NAME = AppIcon;
				ASSETCATALOG_COMPILER_GLOBAL_ACCENT_COLOR_NAME = AccentColor;
				CODE_SIGN_STYLE = Automatic;
				CURRENT_PROJECT_VERSION = 1;
				DEVELOPMENT_ASSET_PATHS = "\"Squad2GoRomancing/Preview Content\"";
				DEVELOPMENT_TEAM = Q4783BNZ95;
				ENABLE_PREVIEWS = YES;
				GENERATE_INFOPLIST_FILE = YES;
				INFOPLIST_FILE = Squad2GoRomancing/Info.plist;
				INFOPLIST_KEY_UIApplicationSceneManifest_Generation = YES;
				INFOPLIST_KEY_UIApplicationSupportsIndirectInputEvents = YES;
				INFOPLIST_KEY_UISupportedInterfaceOrientations_iPad = "UIInterfaceOrientationPortrait UIInterfaceOrientationPortraitUpsideDown UIInterfaceOrientationLandscapeLeft UIInterfaceOrientationLandscapeRight";
				INFOPLIST_KEY_UISupportedInterfaceOrientations_iPhone = "UIInterfaceOrientationPortrait UIInterfaceOrientationLandscapeLeft UIInterfaceOrientationLandscapeRight";
				LD_RUNPATH_SEARCH_PATHS = (
					"$(inherited)",
					"@executable_path/Frameworks",
				);
				MARKETING_VERSION = 1.0;
				PRODUCT_BUNDLE_IDENTIFIER = com.keith27staines.Squad2GoRomancing;
				PRODUCT_NAME = "$(TARGET_NAME)";
				SWIFT_EMIT_LOC_STRINGS = YES;
				SWIFT_VERSION = 5.0;
				TARGETED_DEVICE_FAMILY = "1,2";
			};
			name = Release;
		};
/* End XCBuildConfiguration section */

/* Begin XCConfigurationList section */
		5311B7322B7A1E9300F7799C /* Build configuration list for PBXProject "Squad2GoRomancing" */ = {
			isa = XCConfigurationList;
			buildConfigurations = (
				5311B7432B7A1E9400F7799C /* Debug */,
				5311B7442B7A1E9400F7799C /* Release */,
			);
			defaultConfigurationIsVisible = 0;
			defaultConfigurationName = Release;
		};
		5311B7452B7A1E9400F7799C /* Build configuration list for PBXNativeTarget "Squad2GoRomancing" */ = {
			isa = XCConfigurationList;
			buildConfigurations = (
				5311B7462B7A1E9400F7799C /* Debug */,
				5311B7472B7A1E9400F7799C /* Release */,
			);
			defaultConfigurationIsVisible = 0;
			defaultConfigurationName = Release;
		};
/* End XCConfigurationList section */
	};
	rootObject = 5311B72F2B7A1E9300F7799C /* Project object */;
}
